
Microsoft Visual Studio Solution File, Format Version 12.00
# Visual Studio Version 16
VisualStudioVersion = 16.0.31605.320
MinimumVisualStudioVersion = 10.0.40219.1
Project("{FAE04EC0-301F-11D3-BF4B-00C04F79EFBC}") = "Pagina", "Pagina\Pagina.csproj", "{197B43F4-9C86-42D2-8902-993A9B48DF0C}"
EndProject
Global
	GlobalSection(SolutionConfigurationPlatforms) = preSolution
		Debug|Any CPU = Debug|Any CPU
		Release|Any CPU = Release|Any CPU
	EndGlobalSection
	GlobalSection(ProjectConfigurationPlatforms) = postSolution
		{197B43F4-9C86-42D2-8902-993A9B48DF0C}.Debug|Any CPU.ActiveCfg = Debug|Any CPU
		{197B43F4-9C86-42D2-8902-993A9B48DF0C}.Debug|Any CPU.Build.0 = Debug|Any CPU
		{197B43F4-9C86-42D2-8902-993A9B48DF0C}.Release|Any CPU.ActiveCfg = Release|Any CPU
		{197B43F4-9C86-42D2-8902-993A9B48DF0C}.Release|Any CPU.Build.0 = Release|Any CPU
	EndGlobalSection
	GlobalSection(SolutionProperties) = preSolution
		HideSolutionNode = FALSE
	EndGlobalSection
	GlobalSection(ExtensibilityGlobals) = postSolution
		SolutionGuid = {E5E93978-1181-4F36-8375-2DF3E4374773}
	EndGlobalSection
EndGlobal
